
Microsoft Visual Studio Solution File, Format Version 12.00
Project("{2150E333-8FDC-42A3-9474-1A3956D46DE8}") = "UI", "UI", "{74EB132A-1801-4866-97B0-8B2E8B4CFC5C}"
EndProject
Project("{2150E333-8FDC-42A3-9474-1A3956D46DE8}") = "Core", "Core", "{DE168442-CA97-44A4-B4FA-FDF213F5C247}"
EndProject
Project("{FAE04EC0-301F-11D3-BF4B-00C04F79EFBC}") = "Razor.UI", "Razor.UI\Razor.UI.csproj", "{D49B42DC-7860-4FDF-B503-C78C7B765446}"
EndProject
Project("{FAE04EC0-301F-11D3-BF4B-00C04F79EFBC}") = "MVC.UI", "MVC.UI\MVC.UI.csproj", "{5A3C76E1-32FC-45EE-A1D9-B30C92F096BA}"
EndProject
Project("{FAE04EC0-301F-11D3-BF4B-00C04F79EFBC}") = "Infrastructure", "Infrastructure\Infrastructure.csproj", "{453ED320-742B-455A-A830-18DAAC33AF56}"
EndProject
Project("{FAE04EC0-301F-11D3-BF4B-00C04F79EFBC}") = "MVC.AdminUI", "MVC.AdminUI\MVC.AdminUI.csproj", "{6B466EF5-8CE1-42FE-B66B-1E291EBA1414}"
EndProject
Global
	GlobalSection(SolutionConfigurationPlatforms) = preSolution
		Debug|Any CPU = Debug|Any CPU
		Release|Any CPU = Release|Any CPU
	EndGlobalSection
	GlobalSection(NestedProjects) = preSolution
		{D49B42DC-7860-4FDF-B503-C78C7B765446} = {74EB132A-1801-4866-97B0-8B2E8B4CFC5C}
		{5A3C76E1-32FC-45EE-A1D9-B30C92F096BA} = {74EB132A-1801-4866-97B0-8B2E8B4CFC5C}
		{453ED320-742B-455A-A830-18DAAC33AF56} = {DE168442-CA97-44A4-B4FA-FDF213F5C247}
		{6B466EF5-8CE1-42FE-B66B-1E291EBA1414} = {74EB132A-1801-4866-97B0-8B2E8B4CFC5C}
	EndGlobalSection
	GlobalSection(ProjectConfigurationPlatforms) = postSolution
		{D49B42DC-7860-4FDF-B503-C78C7B765446}.Debug|Any CPU.ActiveCfg = Debug|Any CPU
		{D49B42DC-7860-4FDF-B503-C78C7B765446}.Debug|Any CPU.Build.0 = Debug|Any CPU
		{D49B42DC-7860-4FDF-B503-C78C7B765446}.Release|Any CPU.ActiveCfg = Release|Any CPU
		{D49B42DC-7860-4FDF-B503-C78C7B765446}.Release|Any CPU.Build.0 = Release|Any CPU
		{5A3C76E1-32FC-45EE-A1D9-B30C92F096BA}.Debug|Any CPU.ActiveCfg = Debug|Any CPU
		{5A3C76E1-32FC-45EE-A1D9-B30C92F096BA}.Debug|Any CPU.Build.0 = Debug|Any CPU
		{5A3C76E1-32FC-45EE-A1D9-B30C92F096BA}.Release|Any CPU.ActiveCfg = Release|Any CPU
		{5A3C76E1-32FC-45EE-A1D9-B30C92F096BA}.Release|Any CPU.Build.0 = Release|Any CPU
		{453ED320-742B-455A-A830-18DAAC33AF56}.Debug|Any CPU.ActiveCfg = Debug|Any CPU
		{453ED320-742B-455A-A830-18DAAC33AF56}.Debug|Any CPU.Build.0 = Debug|Any CPU
		{453ED320-742B-455A-A830-18DAAC33AF56}.Release|Any CPU.ActiveCfg = Release|Any CPU
		{453ED320-742B-455A-A830-18DAAC33AF56}.Release|Any CPU.Build.0 = Release|Any CPU
		{6B466EF5-8CE1-42FE-B66B-1E291EBA1414}.Debug|Any CPU.ActiveCfg = Debug|Any CPU
		{6B466EF5-8CE1-42FE-B66B-1E291EBA1414}.Debug|Any CPU.Build.0 = Debug|Any CPU
		{6B466EF5-8CE1-42FE-B66B-1E291EBA1414}.Release|Any CPU.ActiveCfg = Release|Any CPU
		{6B466EF5-8CE1-42FE-B66B-1E291EBA1414}.Release|Any CPU.Build.0 = Release|Any CPU
	EndGlobalSection
EndGlobal
